
Microsoft Visual Studio Solution File, Format Version 12.00
# Visual Studio 2013
VisualStudioVersion = 12.0.30501.0
MinimumVisualStudioVersion = 10.0.40219.1
Project("{FAE04EC0-301F-11D3-BF4B-00C04F79EFBC}") = "AssemblyLoaderDemo", "AssemblyLoaderDemo.csproj", "{E054AC77-6EB6-48DF-8158-59A07E3C3EB8}"
EndProject
Project("{FAE04EC0-301F-11D3-BF4B-00C04F79EFBC}") = "Job", "..\Job\Job.csproj", "{CBD69E81-E613-4C47-B5BC-EADF614081BB}"
EndProject
Global
	GlobalSection(SolutionConfigurationPlatforms) = preSolution
		Debug|Any CPU = Debug|Any CPU
		Release|Any CPU = Release|Any CPU
	EndGlobalSection
	GlobalSection(ProjectConfigurationPlatforms) = postSolution
		{E054AC77-6EB6-48DF-8158-59A07E3C3EB8}.Debug|Any CPU.ActiveCfg = Debug|Any CPU
		{E054AC77-6EB6-48DF-8158-59A07E3C3EB8}.Debug|Any CPU.Build.0 = Debug|Any CPU
		{E054AC77-6EB6-48DF-8158-59A07E3C3EB8}.Release|Any CPU.ActiveCfg = Release|Any CPU
		{E054AC77-6EB6-48DF-8158-59A07E3C3EB8}.Release|Any CPU.Build.0 = Release|Any CPU
		{CBD69E81-E613-4C47-B5BC-EADF614081BB}.Debug|Any CPU.ActiveCfg = Debug|Any CPU
		{CBD69E81-E613-4C47-B5BC-EADF614081BB}.Debug|Any CPU.Build.0 = Debug|Any CPU
		{CBD69E81-E613-4C47-B5BC-EADF614081BB}.Release|Any CPU.ActiveCfg = Release|Any CPU
		{CBD69E81-E613-4C47-B5BC-EADF614081BB}.Release|Any CPU.Build.0 = Release|Any CPU
	EndGlobalSection
	GlobalSection(SolutionProperties) = preSolution
		HideSolutionNode = FALSE
	EndGlobalSection
EndGlobal
