
Microsoft Visual Studio Solution File, Format Version 12.00
# Visual Studio 2013
VisualStudioVersion = 12.0.30501.0
MinimumVisualStudioVersion = 10.0.40219.1
Project("{FAE04EC0-301F-11D3-BF4B-00C04F79EFBC}") = "AssemblyLoaderDemo", "AssemblyLoaderDemo.csproj", "{E054AC77-6EB6-48DF-8158-59A07E3C3EB8}"
EndProject
Project("{FAE04EC0-301F-11D3-BF4B-00C04F79EFBC}") = "Job", "..\Job\Job.csproj", "{CBD69E81-E613-4C47-B5BC-EADF614081BB}"
EndProject
Project("{FAE04EC0-301F-11D3-BF4B-00C04F79EFBC}") = "SalaryJob", "SalaryJob\SalaryJob.csproj", "{9E2C337D-7B94-4E8F-A1C6-CDE3DE2BBE70}"
EndProject
Project("{FAE04EC0-301F-11D3-BF4B-00C04F79EFBC}") = "MonitoringJob", "MonitoringJob\MonitoringJob.csproj", "{EF802821-9C06-49C4-9D29-75FEA6210172}"
EndProject
Project("{FAE04EC0-301F-11D3-BF4B-00C04F79EFBC}") = "LoggingJob", "LoggingJob\LoggingJob.csproj", "{7BABEF52-EAF6-401F-BD04-9AFFFF30FD65}"
EndProject
Global
	GlobalSection(SolutionConfigurationPlatforms) = preSolution
		Debug|Any CPU = Debug|Any CPU
		Release|Any CPU = Release|Any CPU
	EndGlobalSection
	GlobalSection(ProjectConfigurationPlatforms) = postSolution
		{E054AC77-6EB6-48DF-8158-59A07E3C3EB8}.Debug|Any CPU.ActiveCfg = Debug|Any CPU
		{E054AC77-6EB6-48DF-8158-59A07E3C3EB8}.Debug|Any CPU.Build.0 = Debug|Any CPU
		{E054AC77-6EB6-48DF-8158-59A07E3C3EB8}.Release|Any CPU.ActiveCfg = Release|Any CPU
		{E054AC77-6EB6-48DF-8158-59A07E3C3EB8}.Release|Any CPU.Build.0 = Release|Any CPU
		{CBD69E81-E613-4C47-B5BC-EADF614081BB}.Debug|Any CPU.ActiveCfg = Debug|Any CPU
		{CBD69E81-E613-4C47-B5BC-EADF614081BB}.Debug|Any CPU.Build.0 = Debug|Any CPU
		{CBD69E81-E613-4C47-B5BC-EADF614081BB}.Release|Any CPU.ActiveCfg = Release|Any CPU
		{CBD69E81-E613-4C47-B5BC-EADF614081BB}.Release|Any CPU.Build.0 = Release|Any CPU
		{9E2C337D-7B94-4E8F-A1C6-CDE3DE2BBE70}.Debug|Any CPU.ActiveCfg = Debug|Any CPU
		{9E2C337D-7B94-4E8F-A1C6-CDE3DE2BBE70}.Debug|Any CPU.Build.0 = Debug|Any CPU
		{9E2C337D-7B94-4E8F-A1C6-CDE3DE2BBE70}.Release|Any CPU.ActiveCfg = Release|Any CPU
		{9E2C337D-7B94-4E8F-A1C6-CDE3DE2BBE70}.Release|Any CPU.Build.0 = Release|Any CPU
		{EF802821-9C06-49C4-9D29-75FEA6210172}.Debug|Any CPU.ActiveCfg = Debug|Any CPU
		{EF802821-9C06-49C4-9D29-75FEA6210172}.Debug|Any CPU.Build.0 = Debug|Any CPU
		{EF802821-9C06-49C4-9D29-75FEA6210172}.Release|Any CPU.ActiveCfg = Release|Any CPU
		{EF802821-9C06-49C4-9D29-75FEA6210172}.Release|Any CPU.Build.0 = Release|Any CPU
		{7BABEF52-EAF6-401F-BD04-9AFFFF30FD65}.Debug|Any CPU.ActiveCfg = Debug|Any CPU
		{7BABEF52-EAF6-401F-BD04-9AFFFF30FD65}.Debug|Any CPU.Build.0 = Debug|Any CPU
		{7BABEF52-EAF6-401F-BD04-9AFFFF30FD65}.Release|Any CPU.ActiveCfg = Release|Any CPU
		{7BABEF52-EAF6-401F-BD04-9AFFFF30FD65}.Release|Any CPU.Build.0 = Release|Any CPU
	EndGlobalSection
	GlobalSection(SolutionProperties) = preSolution
		HideSolutionNode = FALSE
	EndGlobalSection
EndGlobal
